
Microsoft Visual Studio Solution File, Format Version 12.00
# Visual Studio Version 17
VisualStudioVersion = 17.11.35327.3
MinimumVisualStudioVersion = 10.0.40219.1
Project("{FAE04EC0-301F-11D3-BF4B-00C04F79EFBC}") = "lesson_IF", "lesson_IF\lesson_IF.csproj", "{87459E65-F8B9-483F-9C7A-3B3F4423ED20}"
EndProject
Global
	GlobalSection(SolutionConfigurationPlatforms) = preSolution
		Debug|Any CPU = Debug|Any CPU
		Release|Any CPU = Release|Any CPU
	EndGlobalSection
	GlobalSection(ProjectConfigurationPlatforms) = postSolution
		{87459E65-F8B9-483F-9C7A-3B3F4423ED20}.Debug|Any CPU.ActiveCfg = Debug|Any CPU
		{87459E65-F8B9-483F-9C7A-3B3F4423ED20}.Debug|Any CPU.Build.0 = Debug|Any CPU
		{87459E65-F8B9-483F-9C7A-3B3F4423ED20}.Release|Any CPU.ActiveCfg = Release|Any CPU
		{87459E65-F8B9-483F-9C7A-3B3F4423ED20}.Release|Any CPU.Build.0 = Release|Any CPU
	EndGlobalSection
	GlobalSection(SolutionProperties) = preSolution
		HideSolutionNode = FALSE
	EndGlobalSection
	GlobalSection(ExtensibilityGlobals) = postSolution
		SolutionGuid = {932BAA43-2EC1-4A21-ABF7-96E694F6F390}
	EndGlobalSection
EndGlobal
